
Microsoft Visual Studio Solution File, Format Version 12.00
# Visual Studio 15
VisualStudioVersion = 15.0.28307.1401
MinimumVisualStudioVersion = 10.0.40219.1
Project("{FAE04EC0-301F-11D3-BF4B-00C04F79EFBC}") = "OAuthWebApi", "OAuthWebApi\OAuthWebApi.csproj", "{A0A99918-F68A-41D4-850D-6613E550C4E9}"
EndProject
Global
	GlobalSection(SolutionConfigurationPlatforms) = preSolution
		Debug|Any CPU = Debug|Any CPU
		Release|Any CPU = Release|Any CPU
	EndGlobalSection
	GlobalSection(ProjectConfigurationPlatforms) = postSolution
		{A0A99918-F68A-41D4-850D-6613E550C4E9}.Debug|Any CPU.ActiveCfg = Debug|Any CPU
		{A0A99918-F68A-41D4-850D-6613E550C4E9}.Debug|Any CPU.Build.0 = Debug|Any CPU
		{A0A99918-F68A-41D4-850D-6613E550C4E9}.Release|Any CPU.ActiveCfg = Release|Any CPU
		{A0A99918-F68A-41D4-850D-6613E550C4E9}.Release|Any CPU.Build.0 = Release|Any CPU
	EndGlobalSection
	GlobalSection(SolutionProperties) = preSolution
		HideSolutionNode = FALSE
	EndGlobalSection
	GlobalSection(ExtensibilityGlobals) = postSolution
		SolutionGuid = {B8658B9C-810B-4F52-8B4E-B1D62C8A5440}
	EndGlobalSection
EndGlobal
